
Microsoft Visual Studio Solution File, Format Version 12.00
# Visual Studio 2017
Project("{FAE04EC0-301F-11D3-BF4B-00C04F79EFBC}") = "opty", "opty.csproj", "{B929CBE7-012F-0768-1B32-BB92D1424E72}"
EndProject
Global
	GlobalSection(SolutionConfigurationPlatforms) = preSolution
		Debug|Any CPU = Debug|Any CPU
		Release|Any CPU = Release|Any CPU
	EndGlobalSection
	GlobalSection(ProjectConfigurationPlatforms) = postSolution
		{B929CBE7-012F-0768-1B32-BB92D1424E72}.Debug|Any CPU.ActiveCfg = Debug|Any CPU
		{B929CBE7-012F-0768-1B32-BB92D1424E72}.Debug|Any CPU.Build.0 = Debug|Any CPU
		{B929CBE7-012F-0768-1B32-BB92D1424E72}.Release|Any CPU.ActiveCfg = Release|Any CPU
		{B929CBE7-012F-0768-1B32-BB92D1424E72}.Release|Any CPU.Build.0 = Release|Any CPU
	EndGlobalSection
	GlobalSection(SolutionProperties) = preSolution
		HideSolutionNode = FALSE
	EndGlobalSection
EndGlobal
